// !$*UTF8*$!
{
	archiveVersion = 1;
	classes = {
	};
	objectVersion = 46;
	objects = {

/* Begin PBXBuildFile section */
		9C2711ED1E43EF98000451CF /* AppDelegate.swift in Sources */ = {isa = PBXBuildFile; fileRef = 9C2711EC1E43EF98000451CF /* AppDelegate.swift */; };
		9C2711EF1E43EF98000451CF /* ViewController.swift in Sources */ = {isa = PBXBuildFile; fileRef = 9C2711EE1E43EF98000451CF /* ViewController.swift */; };
		9C2711F21E43EF98000451CF /* Main.storyboard in Resources */ = {isa = PBXBuildFile; fileRef = 9C2711F01E43EF98000451CF /* Main.storyboard */; };
		9C2711F41E43EF98000451CF /* Assets.xcassets in Resources */ = {isa = PBXBuildFile; fileRef = 9C2711F31E43EF98000451CF /* Assets.xcassets */; };
		9C2711F71E43EF98000451CF /* LaunchScreen.storyboard in Resources */ = {isa = PBXBuildFile; fileRef = 9C2711F51E43EF98000451CF /* LaunchScreen.storyboard */; };
/* End PBXBuildFile section */

/* Begin PBXFileReference section */
		9C2711E91E43EF98000451CF /* StoreSearch.app */ = {isa = PBXFileReference; explicitFileType = wrapper.application; includeInIndex = 0; path = StoreSearch.app; sourceTree = BUILT_PRODUCTS_DIR; };
		9C2711EC1E43EF98000451CF /* AppDelegate.swift */ = {isa = PBXFileReference; lastKnownFileType = sourcecode.swift; path = AppDelegate.swift; sourceTree = "<group>"; };
		9C2711EE1E43EF98000451CF /* ViewController.swift */ = {isa = PBXFileReference; lastKnownFileType = sourcecode.swift; path = ViewController.swift; sourceTree = "<group>"; };
		9C2711F11E43EF98000451CF /* Base */ = {isa = PBXFileReference; lastKnownFileType = file.storyboard; name = Base; path = Base.lproj/Main.storyboard; sourceTree = "<group>"; };
		9C2711F31E43EF98000451CF /* Assets.xcassets */ = {isa = PBXFileReference; lastKnownFileType = folder.assetcatalog; path = Assets.xcassets; sourceTree = "<group>"; };
		9C2711F61E43EF98000451CF /* Base */ = {isa = PBXFileReference; lastKnownFileType = file.storyboard; name = Base; path = Base.lproj/LaunchScreen.storyboard; sourceTree = "<group>"; };
		9C2711F81E43EF98000451CF /* Info.plist */ = {isa = PBXFileReference; lastKnownFileType = text.plist.xml; path = Info.plist; sourceTree = "<group>"; };
/* End PBXFileReference section */

/* Begin PBXFrameworksBuildPhase section */
		9C2711E61E43EF98000451CF /* Frameworks */ = {
			isa = PBXFrameworksBuildPhase;
			buildActionMask = 2147483647;
			files = (
			);
			runOnlyForDeploymentPostprocessing = 0;
		};
/* End PBXFrameworksBuildPhase section */

/* Begin PBXGroup section */
		9C2711E01E43EF98000451CF = {
			isa = PBXGroup;
			children = (
				9C2711EB1E43EF98000451CF /* StoreSearch */,
				9C2711EA1E43EF98000451CF /* Products */,
			);
			sourceTree = "<group>";
		};
		9C2711EA1E43EF98000451CF /* Products */ = {
			isa = PBXGroup;
			children = (
				9C2711E91E43EF98000451CF /* StoreSearch.app */,
			);
			name = Products;
			sourceTree = "<group>";
		};
		9C2711EB1E43EF98000451CF /* StoreSearch */ = {
			isa = PBXGroup;
			children = (
				9C2711EC1E43EF98000451CF /* AppDelegate.swift */,
				9C2711EE1E43EF98000451CF /* ViewController.swift */,
				9C2711F01E43EF98000451CF /* Main.storyboard */,
				9C2711F31E43EF98000451CF /* Assets.xcassets */,
				9C2711F51E43EF98000451CF /* LaunchScreen.storyboard */,
				9C2711F81E43EF98000451CF /* Info.plist */,
			);
			path = StoreSearch;
			sourceTree = "<group>";
		};
/* End PBXGroup section */

/* Begin PBXNativeTarget section */
		9C2711E81E43EF98000451CF /* StoreSearch */ = {
			isa = PBXNativeTarget;
			buildConfigurationList = 9C2711FB1E43EF98000451CF /* Build configuration list for PBXNativeTarget "StoreSearch" */;
			buildPhases = (
				9C2711E51E43EF98000451CF /* Sources */,
				9C2711E61E43EF98000451CF /* Frameworks */,
				9C2711E71E43EF98000451CF /* Resources */,
			);
			buildRules = (
			);
			dependencies = (
			);
			name = StoreSearch;
			productName = StoreSearch;
			productReference = 9C2711E91E43EF98000451CF /* StoreSearch.app */;
			productType = "com.apple.product-type.application";
		};
/* End PBXNativeTarget section */

/* Begin PBXProject section */
		9C2711E11E43EF98000451CF /* Project object */ = {
			isa = PBXProject;
			attributes = {
				LastSwiftUpdateCheck = 0820;
				LastUpgradeCheck = 0820;
				ORGANIZATIONNAME = "Suduge, Priyanka";
				TargetAttributes = {
					9C2711E81E43EF98000451CF = {
						CreatedOnToolsVersion = 8.2;
						DevelopmentTeam = 2XGDB3Q7YK;
						ProvisioningStyle = Automatic;
					};
				};
			};
			buildConfigurationList = 9C2711E41E43EF98000451CF /* Build configuration list for PBXProject "StoreSearch" */;
			compatibilityVersion = "Xcode 3.2";
			developmentRegion = English;
			hasScannedForEncodings = 0;
			knownRegions = (
				en,
				Base,
			);
			mainGroup = 9C2711E01E43EF98000451CF;
			productRefGroup = 9C2711EA1E43EF98000451CF /* Products */;
			projectDirPath = "";
			projectRoot = "";
			targets = (
				9C2711E81E43EF98000451CF /* StoreSearch */,
			);
		};
/* End PBXProject section */

/* Begin PBXResourcesBuildPhase section */
		9C2711E71E43EF98000451CF /* Resources */ = {
			isa = PBXResourcesBuildPhase;
			buildActionMask = 2147483647;
			files = (
				9C2711F71E43EF98000451CF /* LaunchScreen.storyboard in Resources */,
				9C2711F41E43EF98000451CF /* Assets.xcassets in Resources */,
				9C2711F21E43EF98000451CF /* Main.storyboard in Resources */,
			);
			runOnlyForDeploymentPostprocessing = 0;
		};
/* End PBXResourcesBuildPhase section */

/* Begin PBXSourcesBuildPhase section */
		9C2711E51E43EF98000451CF /* Sources */ = {
			isa = PBXSourcesBuildPhase;
			buildActionMask = 2147483647;
			files = (
				9C2711EF1E43EF98000451CF /* ViewController.swift in Sources */,
				9C2711ED1E43EF98000451CF /* AppDelegate.swift in Sources */,
			);
			runOnlyForDeploymentPostprocessing = 0;
		};
/* End PBXSourcesBuildPhase section */

/* Begin PBXVariantGroup section */
		9C2711F01E43EF98000451CF /* Main.storyboard */ = {
			isa = PBXVariantGroup;
			children = (
				9C2711F11E43EF98000451CF /* Base */,
			);
			name = Main.storyboard;
			sourceTree = "<group>";
		};
		9C2711F51E43EF98000451CF /* LaunchScreen.storyboard */ = {
			isa = PBXVariantGroup;
			children = (
				9C2711F61E43EF98000451CF /* Base */,
			);
			name = LaunchScreen.storyboard;
			sourceTree = "<group>";
		};
/* End PBXVariantGroup section */

/* Begin XCBuildConfiguration section */
		9C2711F91E43EF98000451CF /* Debug */ = {
			isa = XCBuildConfiguration;
			buildSettings = {
				ALWAYS_SEARCH_USER_PATHS = NO;
				CLANG_ANALYZER_NONNULL = YES;
				CLANG_CXX_LANGUAGE_STANDARD = "gnu++0x";
				CLANG_CXX_LIBRARY = "libc++";
				CLANG_ENABLE_MODULES = YES;
				CLANG_ENABLE_OBJC_ARC = YES;
				CLANG_WARN_BOOL_CONVERSION = YES;
				CLANG_WARN_CONSTANT_CONVERSION = YES;
				CLANG_WARN_DIRECT_OBJC_ISA_USAGE = YES_ERROR;
				CLANG_WARN_DOCUMENTATION_COMMENTS = YES;
				CLANG_WARN_EMPTY_BODY = YES;
				CLANG_WARN_ENUM_CONVERSION = YES;
				CLANG_WARN_INFINITE_RECURSION = YES;
				CLANG_WARN_INT_CONVERSION = YES;
				CLANG_WARN_OBJC_ROOT_CLASS = YES_ERROR;
				CLANG_WARN_SUSPICIOUS_MOVE = YES;
				CLANG_WARN_UNREACHABLE_CODE = YES;
				CLANG_WARN__DUPLICATE_METHOD_MATCH = YES;
				"CODE_SIGN_IDENTITY[sdk=iphoneos*]" = "iPhone Developer";
				COPY_PHASE_STRIP = NO;
				DEBUG_INFORMATION_FORMAT = dwarf;
				ENABLE_STRICT_OBJC_MSGSEND = YES;
				ENABLE_TESTABILITY = YES;
				GCC_C_LANGUAGE_STANDARD = gnu99;
				GCC_DYNAMIC_NO_PIC = NO;
				GCC_NO_COMMON_BLOCKS = YES;
				GCC_OPTIMIZATION_LEVEL = 0;
				GCC_PREPROCESSOR_DEFINITIONS = (
					"DEBUG=1",
					"$(inherited)",
				);
				GCC_WARN_64_TO_32_BIT_CONVERSION = YES;
				GCC_WARN_ABOUT_RETURN_TYPE = YES_ERROR;
				GCC_WARN_UNDECLARED_SELECTOR = YES;
				GCC_WARN_UNINITIALIZED_AUTOS = YES_AGGRESSIVE;
				GCC_WARN_UNUSED_FUNCTION = YES;
				GCC_WARN_UNUSED_VARIABLE = YES;
				IPHONEOS_DEPLOYMENT_TARGET = 10.2;
				MTL_ENABLE_DEBUG_INFO = YES;
				ONLY_ACTIVE_ARCH = YES;
				SDKROOT = iphoneos;
				SWIFT_ACTIVE_COMPILATION_CONDITIONS = DEBUG;
				SWIFT_OPTIMIZATION_LEVEL = "-Onone";
			};
			name = Debug;
		};
		9C2711FA1E43EF98000451CF /* Release */ = {
			isa = XCBuildConfiguration;
			buildSettings = {
				ALWAYS_SEARCH_USER_PATHS = NO;
				CLANG_ANALYZER_NONNULL = YES;
				CLANG_CXX_LANGUAGE_STANDARD = "gnu++0x";
				CLANG_CXX_LIBRARY = "libc++";
				CLANG_ENABLE_MODULES = YES;
				CLANG_ENABLE_OBJC_ARC = YES;
				CLANG_WARN_BOOL_CONVERSION = YES;
				CLANG_WARN_CONSTANT_CONVERSION = YES;
				CLANG_WARN_DIRECT_OBJC_ISA_USAGE = YES_ERROR;
				CLANG_WARN_DOCUMENTATION_COMMENTS = YES;
				CLANG_WARN_EMPTY_BODY = YES;
				CLANG_WARN_ENUM_CONVERSION = YES;
				CLANG_WARN_INFINITE_RECURSION = YES;
				CLANG_WARN_INT_CONVERSION = YES;
				CLANG_WARN_OBJC_ROOT_CLASS = YES_ERROR;
				CLANG_WARN_SUSPICIOUS_MOVE = YES;
				CLANG_WARN_UNREACHABLE_CODE = YES;
				CLANG_WARN__DUPLICATE_METHOD_MATCH = YES;
				"CODE_SIGN_IDENTITY[sdk=iphoneos*]" = "iPhone Developer";
				COPY_PHASE_STRIP = NO;
				DEBUG_INFORMATION_FORMAT = "dwarf-with-dsym";
				ENABLE_NS_ASSERTIONS = NO;
				ENABLE_STRICT_OBJC_MSGSEND = YES;
				GCC_C_LANGUAGE_STANDARD = gnu99;
				GCC_NO_COMMON_BLOCKS = YES;
				GCC_WARN_64_TO_32_BIT_CONVERSION = YES;
				GCC_WARN_ABOUT_RETURN_TYPE = YES_ERROR;
				GCC_WARN_UNDECLARED_SELECTOR = YES;
				GCC_WARN_UNINITIALIZED_AUTOS = YES_AGGRESSIVE;
				GCC_WARN_UNUSED_FUNCTION = YES;
				GCC_WARN_UNUSED_VARIABLE = YES;
				IPHONEOS_DEPLOYMENT_TARGET = 10.2;
				MTL_ENABLE_DEBUG_INFO = NO;
				SDKROOT = iphoneos;
				SWIFT_OPTIMIZATION_LEVEL = "-Owholemodule";
				VALIDATE_PRODUCT = YES;
			};
			name = Release;
		};
		9C2711FC1E43EF98000451CF /* Debug */ = {
			isa = XCBuildConfiguration;
			buildSettings = {
				ASSETCATALOG_COMPILER_APPICON_NAME = AppIcon;
				DEVELOPMENT_TEAM = 2XGDB3Q7YK;
				INFOPLIST_FILE = StoreSearch/Info.plist;
				LD_RUNPATH_SEARCH_PATHS = "$(inherited) @executable_path/Frameworks";
				PRODUCT_BUNDLE_IDENTIFIER = com.suduge.StoreSearch;
				PRODUCT_NAME = "$(TARGET_NAME)";
				SWIFT_VERSION = 3.0;
			};
			name = Debug;
		};
		9C2711FD1E43EF98000451CF /* Release */ = {
			isa = XCBuildConfiguration;
			buildSettings = {
				ASSETCATALOG_COMPILER_APPICON_NAME = AppIcon;
				DEVELOPMENT_TEAM = 2XGDB3Q7YK;
				INFOPLIST_FILE = StoreSearch/Info.plist;
				LD_RUNPATH_SEARCH_PATHS = "$(inherited) @executable_path/Frameworks";
				PRODUCT_BUNDLE_IDENTIFIER = com.suduge.StoreSearch;
				PRODUCT_NAME = "$(TARGET_NAME)";
				SWIFT_VERSION = 3.0;
			};
			name = Release;
		};
/* End XCBuildConfiguration section */

/* Begin XCConfigurationList section */
		9C2711E41E43EF98000451CF /* Build configuration list for PBXProject "StoreSearch" */ = {
			isa = XCConfigurationList;
			buildConfigurations = (
				9C2711F91E43EF98000451CF /* Debug */,
				9C2711FA1E43EF98000451CF /* Release */,
			);
			defaultConfigurationIsVisible = 0;
			defaultConfigurationName = Release;
		};
		9C2711FB1E43EF98000451CF /* Build configuration list for PBXNativeTarget "StoreSearch" */ = {
			isa = XCConfigurationList;
			buildConfigurations = (
				9C2711FC1E43EF98000451CF /* Debug */,
				9C2711FD1E43EF98000451CF /* Release */,
			);
			defaultConfigurationIsVisible = 0;
		};
/* End XCConfigurationList section */
	};
	rootObject = 9C2711E11E43EF98000451CF /* Project object */;
}
